Microsoft Visual Studio Solution File, Format Version 12.00
# Visual Studio 15
VisualStudioVersion = 15.0.26510.0
MinimumVisualStudioVersion = 10.0.40219.1
Project("{2150E333-8FDC-42A3-9474-1A3956D46DE8}") = "Lib_Framework", "Lib_Framework", "{8E1D2D67-9DEB-45E3-92DE-EF3E5C9BA74E}"
EndProject
Project("{FAE04EC0-301F-11D3-BF4B-00C04F79EFBC}") = "Lib_Framework_4_0", "Lib_Framework_4_0\Lib_Framework_4_0.csproj", "{2A20D155-EBCA-497B-94A4-7FD9A4F71059}"
EndProject
Project("{FAE04EC0-301F-11D3-BF4B-00C04F79EFBC}") = "Lib_Framework_4_5", "Lib_Framework_4_5\Lib_Framework_4_5.csproj", "{217C96D3-08E5-4F32-BC2D-49678B0A7C57}"
EndProject
Project("{FAE04EC0-301F-11D3-BF4B-00C04F79EFBC}") = "Lib_Framework_4_5_1", "Lib_Framework_4_5_1\Lib_Framework_4_5_1.csproj", "{CEA3C4E8-F0A8-44E5-A52E-4F2B65589B4B}"
EndProject
Project("{FAE04EC0-301F-11D3-BF4B-00C04F79EFBC}") = "Lib_Framework_4_5_2", "Lib_Framework_4_5_2\Lib_Framework_4_5_2.csproj", "{8261265C-8544-4088-8F01-45CEF659981D}"
EndProject
Project("{FAE04EC0-301F-11D3-BF4B-00C04F79EFBC}") = "Lib_Framework_4_6", "Lib_Framework_4_6\Lib_Framework_4_6.csproj", "{23E97C22-8941-4ED2-A2C6-B7ABCB8A5309}"
EndProject
Project("{FAE04EC0-301F-11D3-BF4B-00C04F79EFBC}") = "Lib_Framework_4_6_1", "Lib_Framework_4_6_1\Lib_Framework_4_6_1.csproj", "{2F88246D-E686-4606-A739-40B1266632A7}"
EndProject
Project("{FAE04EC0-301F-11D3-BF4B-00C04F79EFBC}") = "Lib_Framework_4_6_2", "Lib_Framework_4_6_2\Lib_Framework_4_6_2.csproj", "{6A0201C6-D5AA-400D-8A67-4E6F13814A6E}"
EndProject
Project("{FAE04EC0-301F-11D3-BF4B-00C04F79EFBC}") = "Lib_Framework_4_7", "Lib_Framework_4_7\Lib_Framework_4_7.csproj", "{76780CF8-E578-4048-B419-5BD78614DB18}"
EndProject
Project("{FAE04EC0-301F-11D3-BF4B-00C04F79EFBC}") = "Lib_Portable_78", "Lib_Portable_78\Lib_Portable_78.csproj", "{1F6ED8F6-1D49-4A98-9E66-680336017F82}"
EndProject
Project("{FAE04EC0-301F-11D3-BF4B-00C04F79EFBC}") = "Lib_Portable_111", "Lib_Portable_111\Lib_Portable_111.csproj", "{B3734CB7-DA10-4A3E-A314-E50D95637BAF}"
EndProject
Project("{2150E333-8FDC-42A3-9474-1A3956D46DE8}") = "Lib_Portable", "Lib_Portable", "{3E94472F-FF31-47FA-A902-782D1A16E139}"
EndProject
Project("{2150E333-8FDC-42A3-9474-1A3956D46DE8}") = "Lib_Shared", "Lib_Shared", "{9348D824-5CA1-4BD4-90D9-83CA6B5814A6}"
EndProject
Project("{D954291E-2A0B-460D-934E-DC6B0785DB48}") = "Lib_Shared", "Lib_Shared\Lib_Shared.shproj", "{3F90638E-5074-46A0-A038-9593D1AD4CE3}"
EndProject
Project("{9A19103F-16F7-4668-BE54-9A1E7A4F7556}") = "Lib_Standard_1_0", "Lib_Standard_1_0\Lib_Standard_1_0.csproj", "{F5664BBD-F321-4CEA-A334-4D803C494B00}"
EndProject
Project("{9A19103F-16F7-4668-BE54-9A1E7A4F7556}") = "Lib_Standard_1_1", "Lib_Standard_1_1\Lib_Standard_1_1.csproj", "{31548125-F85F-4617-A98B-47E5B85D8187}"
EndProject
Project("{2150E333-8FDC-42A3-9474-1A3956D46DE8}") = "Lib_Standard", "Lib_Standard", "{60513245-AB8A-4989-9F28-9E62B303C6DD}"
EndProject
Project("{9A19103F-16F7-4668-BE54-9A1E7A4F7556}") = "Lib_Standard_1_2", "Lib_Standard_1_2\Lib_Standard_1_2.csproj", "{95AA0F2A-0EB5-4D6A-B4D3-28252E1D0A6E}"
EndProject
Project("{9A19103F-16F7-4668-BE54-9A1E7A4F7556}") = "Lib_Standard_1_3", "Lib_Standard_1_3\Lib_Standard_1_3.csproj", "{76FF1A65-03FD-4747-A55E-043917337381}"
EndProject
Project("{9A19103F-16F7-4668-BE54-9A1E7A4F7556}") = "Lib_Standard_1_4", "Lib_Standard_1_4\Lib_Standard_1_4.csproj", "{C2E88C73-0F8C-4B38-BA86-496B58856125}"
EndProject
Project("{9A19103F-16F7-4668-BE54-9A1E7A4F7556}") = "Lib_Standard_1_5", "Lib_Standard_1_5\Lib_Standard_1_5.csproj", "{49FB35A2-33C7-46CD-86A9-4FC70CC7C7FE}"
EndProject
Project("{2150E333-8FDC-42A3-9474-1A3956D46DE8}") = "NuGet_Nuproj", "NuGet_Nuproj", "{4F8AFBD6-5E26-46EB-B791-66C30B7EB8FA}"
EndProject
Project("{5DD5E4FA-CB73-4610-85AB-557B54E96AA9}") = "NuGetMacCreated", "NuGetMacCreated\NuGetMacCreated.nuproj", "{B6984356-0F84-4F7E-B9B5-D3EF7B9BE54D}"
EndProject
Project("{2150E333-8FDC-42A3-9474-1A3956D46DE8}") = "NuGet_Cli", "NuGet_Cli", "{AA8E3B6C-0509-46B0-9C25-CFCE44AB8EC9}"
	ProjectSection(SolutionItems) = preProject
		NuGet_Cli\Empty.nuspec = NuGet_Cli\Empty.nuspec
		NuGet_Cli\NuGetMac.nuspec = NuGet_Cli\NuGetMac.nuspec
		NuGet_Cli\NuGetMac.sh = NuGet_Cli\NuGetMac.sh
		NuGet_Cli\NuGetWin.cmd = NuGet_Cli\NuGetWin.cmd
		NuGet_Cli\NuGetWin.nuspec = NuGet_Cli\NuGetWin.nuspec
	EndProjectSection
EndProject
Project("{2150E333-8FDC-42A3-9474-1A3956D46DE8}") = "Lib_Os", "Lib_Os", "{E13D53FD-33B1-40A6-91F8-AAC884FAB692}"
EndProject
Project("{FAE04EC0-301F-11D3-BF4B-00C04F79EFBC}") = "Lib_iOS", "Lib_iOS\Lib_iOS.csproj", "{2F1345F6-9035-49E1-8BF0-40AE72A4ECD5}"
EndProject
Project("{FAE04EC0-301F-11D3-BF4B-00C04F79EFBC}") = "Lib_Android", "Lib_Android\Lib_Android.csproj", "{6F36FFD8-E0EB-4596-9ECC-2E1A35C16F3F}"
EndProject
Project("{FAE04EC0-301F-11D3-BF4B-00C04F79EFBC}") = "Lib_macOS", "Lib_macOS\Lib_macOS.csproj", "{4B2C05BF-69F8-4B58-9C25-AB8C563A3A46}"
EndProject
Project("{FAE04EC0-301F-11D3-BF4B-00C04F79EFBC}") = "Lib_WatchOS", "Lib_WatchOS\Lib_WatchOS.csproj", "{D6729807-4818-4C76-96DB-379FCF2B554D}"
EndProject
Project("{FAE04EC0-301F-11D3-BF4B-00C04F79EFBC}") = "Lib_tvOS", "Lib_tvOS\Lib_tvOS.csproj", "{ED8EC56B-CFA5-41B3-A9E2-E81907A47F52}"
EndProject
Project("{9A19103F-16F7-4668-BE54-9A1E7A4F7556}") = "Lib_Standard_1_6", "Lib_Standard_1_6\Lib_Standard_1_6.csproj", "{F7D2D816-1442-49CD-92ED-A91107076201}"
EndProject
Global
	GlobalSection(SharedMSBuildProjectFiles) = preSolution
		Lib_Shared\Lib_Shared.projitems*{1f6ed8f6-1d49-4a98-9e66-680336017f82}*SharedItemsImports = 4
		Lib_Shared\Lib_Shared.projitems*{217c96d3-08e5-4f32-bc2d-49678b0a7c57}*SharedItemsImports = 4
		Lib_Shared\Lib_Shared.projitems*{2a20d155-ebca-497b-94a4-7fd9a4f71059}*SharedItemsImports = 4
		Lib_Shared\Lib_Shared.projitems*{2f1345f6-9035-49e1-8bf0-40ae72a4ecd5}*SharedItemsImports = 4
		Lib_Shared\Lib_Shared.projitems*{3f90638e-5074-46a0-a038-9593d1ad4ce3}*SharedItemsImports = 13
		Lib_Shared\Lib_Shared.projitems*{6a0201c6-d5aa-400d-8a67-4e6f13814a6e}*SharedItemsImports = 4
		Lib_Shared\Lib_Shared.projitems*{6f36ffd8-e0eb-4596-9ecc-2e1a35c16f3f}*SharedItemsImports = 4
		Lib_Shared\Lib_Shared.projitems*{8261265c-8544-4088-8f01-45cef659981d}*SharedItemsImports = 4
		Lib_Shared\Lib_Shared.projitems*{b3734cb7-da10-4a3e-a314-e50d95637baf}*SharedItemsImports = 4
		Lib_Shared\Lib_Shared.projitems*{cea3c4e8-f0a8-44e5-a52e-4f2b65589b4b}*SharedItemsImports = 4
		Lib_Shared\Lib_Shared.projitems*{d6729807-4818-4c76-96db-379fcf2b554d}*SharedItemsImports = 4
		Lib_Shared\Lib_Shared.projitems*{ed8ec56b-cfa5-41b3-a9e2-e81907a47f52}*SharedItemsImports = 4
	EndGlobalSection
	GlobalSection(SolutionConfigurationPlatforms) = preSolution
		Debug|x86 = Debug|x86
		Release|x86 = Release|x86
	EndGlobalSection
	GlobalSection(ProjectConfigurationPlatforms) = postSolution
		{2A20D155-EBCA-497B-94A4-7FD9A4F71059}.Debug|x86.ActiveCfg = Debug|Any CPU
		{2A20D155-EBCA-497B-94A4-7FD9A4F71059}.Debug|x86.Build.0 = Debug|Any CPU
		{2A20D155-EBCA-497B-94A4-7FD9A4F71059}.Release|x86.ActiveCfg = Release|Any CPU
		{2A20D155-EBCA-497B-94A4-7FD9A4F71059}.Release|x86.Build.0 = Release|Any CPU
		{217C96D3-08E5-4F32-BC2D-49678B0A7C57}.Debug|x86.ActiveCfg = Debug|Any CPU
		{217C96D3-08E5-4F32-BC2D-49678B0A7C57}.Debug|x86.Build.0 = Debug|Any CPU
		{217C96D3-08E5-4F32-BC2D-49678B0A7C57}.Release|x86.ActiveCfg = Release|Any CPU
		{217C96D3-08E5-4F32-BC2D-49678B0A7C57}.Release|x86.Build.0 = Release|Any CPU
		{CEA3C4E8-F0A8-44E5-A52E-4F2B65589B4B}.Debug|x86.ActiveCfg = Debug|Any CPU
		{CEA3C4E8-F0A8-44E5-A52E-4F2B65589B4B}.Debug|x86.Build.0 = Debug|Any CPU
		{CEA3C4E8-F0A8-44E5-A52E-4F2B65589B4B}.Release|x86.ActiveCfg = Release|Any CPU
		{CEA3C4E8-F0A8-44E5-A52E-4F2B65589B4B}.Release|x86.Build.0 = Release|Any CPU
		{8261265C-8544-4088-8F01-45CEF659981D}.Debug|x86.ActiveCfg = Debug|Any CPU
		{8261265C-8544-4088-8F01-45CEF659981D}.Debug|x86.Build.0 = Debug|Any CPU
		{8261265C-8544-4088-8F01-45CEF659981D}.Release|x86.ActiveCfg = Release|Any CPU
		{8261265C-8544-4088-8F01-45CEF659981D}.Release|x86.Build.0 = Release|Any CPU
		{23E97C22-8941-4ED2-A2C6-B7ABCB8A5309}.Debug|x86.ActiveCfg = Debug|Any CPU
		{23E97C22-8941-4ED2-A2C6-B7ABCB8A5309}.Debug|x86.Build.0 = Debug|Any CPU
		{23E97C22-8941-4ED2-A2C6-B7ABCB8A5309}.Release|x86.ActiveCfg = Release|Any CPU
		{23E97C22-8941-4ED2-A2C6-B7ABCB8A5309}.Release|x86.Build.0 = Release|Any CPU
		{2F88246D-E686-4606-A739-40B1266632A7}.Debug|x86.ActiveCfg = Debug|Any CPU
		{2F88246D-E686-4606-A739-40B1266632A7}.Debug|x86.Build.0 = Debug|Any CPU
		{2F88246D-E686-4606-A739-40B1266632A7}.Release|x86.ActiveCfg = Release|Any CPU
		{2F88246D-E686-4606-A739-40B1266632A7}.Release|x86.Build.0 = Release|Any CPU
		{6A0201C6-D5AA-400D-8A67-4E6F13814A6E}.Debug|x86.ActiveCfg = Debug|Any CPU
		{6A0201C6-D5AA-400D-8A67-4E6F13814A6E}.Debug|x86.Build.0 = Debug|Any CPU
		{6A0201C6-D5AA-400D-8A67-4E6F13814A6E}.Release|x86.ActiveCfg = Release|Any CPU
		{6A0201C6-D5AA-400D-8A67-4E6F13814A6E}.Release|x86.Build.0 = Release|Any CPU
		{76780CF8-E578-4048-B419-5BD78614DB18}.Debug|x86.ActiveCfg = Debug|Any CPU
		{76780CF8-E578-4048-B419-5BD78614DB18}.Debug|x86.Build.0 = Debug|Any CPU
		{76780CF8-E578-4048-B419-5BD78614DB18}.Release|x86.ActiveCfg = Release|Any CPU
		{76780CF8-E578-4048-B419-5BD78614DB18}.Release|x86.Build.0 = Release|Any CPU
		{1F6ED8F6-1D49-4A98-9E66-680336017F82}.Debug|x86.ActiveCfg = Debug|Any CPU
		{1F6ED8F6-1D49-4A98-9E66-680336017F82}.Debug|x86.Build.0 = Debug|Any CPU
		{1F6ED8F6-1D49-4A98-9E66-680336017F82}.Release|x86.ActiveCfg = Release|Any CPU
		{1F6ED8F6-1D49-4A98-9E66-680336017F82}.Release|x86.Build.0 = Release|Any CPU
		{B3734CB7-DA10-4A3E-A314-E50D95637BAF}.Debug|x86.ActiveCfg = Debug|Any CPU
		{B3734CB7-DA10-4A3E-A314-E50D95637BAF}.Debug|x86.Build.0 = Debug|Any CPU
		{B3734CB7-DA10-4A3E-A314-E50D95637BAF}.Release|x86.ActiveCfg = Release|Any CPU
		{B3734CB7-DA10-4A3E-A314-E50D95637BAF}.Release|x86.Build.0 = Release|Any CPU
		{F5664BBD-F321-4CEA-A334-4D803C494B00}.Debug|x86.ActiveCfg = Debug|Any CPU
		{F5664BBD-F321-4CEA-A334-4D803C494B00}.Debug|x86.Build.0 = Debug|Any CPU
		{F5664BBD-F321-4CEA-A334-4D803C494B00}.Release|x86.ActiveCfg = Release|Any CPU
		{F5664BBD-F321-4CEA-A334-4D803C494B00}.Release|x86.Build.0 = Release|Any CPU
		{31548125-F85F-4617-A98B-47E5B85D8187}.Debug|x86.ActiveCfg = Debug|Any CPU
		{31548125-F85F-4617-A98B-47E5B85D8187}.Debug|x86.Build.0 = Debug|Any CPU
		{31548125-F85F-4617-A98B-47E5B85D8187}.Release|x86.ActiveCfg = Release|Any CPU
		{31548125-F85F-4617-A98B-47E5B85D8187}.Release|x86.Build.0 = Release|Any CPU
		{95AA0F2A-0EB5-4D6A-B4D3-28252E1D0A6E}.Debug|x86.ActiveCfg = Debug|Any CPU
		{95AA0F2A-0EB5-4D6A-B4D3-28252E1D0A6E}.Debug|x86.Build.0 = Debug|Any CPU
		{95AA0F2A-0EB5-4D6A-B4D3-28252E1D0A6E}.Release|x86.ActiveCfg = Release|Any CPU
		{95AA0F2A-0EB5-4D6A-B4D3-28252E1D0A6E}.Release|x86.Build.0 = Release|Any CPU
		{76FF1A65-03FD-4747-A55E-043917337381}.Debug|x86.ActiveCfg = Debug|Any CPU
		{76FF1A65-03FD-4747-A55E-043917337381}.Debug|x86.Build.0 = Debug|Any CPU
		{76FF1A65-03FD-4747-A55E-043917337381}.Release|x86.ActiveCfg = Release|Any CPU
		{76FF1A65-03FD-4747-A55E-043917337381}.Release|x86.Build.0 = Release|Any CPU
		{C2E88C73-0F8C-4B38-BA86-496B58856125}.Debug|x86.ActiveCfg = Debug|Any CPU
		{C2E88C73-0F8C-4B38-BA86-496B58856125}.Debug|x86.Build.0 = Debug|Any CPU
		{C2E88C73-0F8C-4B38-BA86-496B58856125}.Release|x86.ActiveCfg = Release|Any CPU
		{C2E88C73-0F8C-4B38-BA86-496B58856125}.Release|x86.Build.0 = Release|Any CPU
		{49FB35A2-33C7-46CD-86A9-4FC70CC7C7FE}.Debug|x86.ActiveCfg = Debug|Any CPU
		{49FB35A2-33C7-46CD-86A9-4FC70CC7C7FE}.Debug|x86.Build.0 = Debug|Any CPU
		{49FB35A2-33C7-46CD-86A9-4FC70CC7C7FE}.Release|x86.ActiveCfg = Release|Any CPU
		{49FB35A2-33C7-46CD-86A9-4FC70CC7C7FE}.Release|x86.Build.0 = Release|Any CPU
		{B6984356-0F84-4F7E-B9B5-D3EF7B9BE54D}.Debug|x86.ActiveCfg = Debug|Any CPU
		{B6984356-0F84-4F7E-B9B5-D3EF7B9BE54D}.Debug|x86.Build.0 = Debug|Any CPU
		{B6984356-0F84-4F7E-B9B5-D3EF7B9BE54D}.Release|x86.ActiveCfg = Release|Any CPU
		{B6984356-0F84-4F7E-B9B5-D3EF7B9BE54D}.Release|x86.Build.0 = Release|Any CPU
		{2F1345F6-9035-49E1-8BF0-40AE72A4ECD5}.Debug|x86.ActiveCfg = Debug|Any CPU
		{2F1345F6-9035-49E1-8BF0-40AE72A4ECD5}.Debug|x86.Build.0 = Debug|Any CPU
		{2F1345F6-9035-49E1-8BF0-40AE72A4ECD5}.Release|x86.ActiveCfg = Release|Any CPU
		{2F1345F6-9035-49E1-8BF0-40AE72A4ECD5}.Release|x86.Build.0 = Release|Any CPU
		{6F36FFD8-E0EB-4596-9ECC-2E1A35C16F3F}.Debug|x86.ActiveCfg = Debug|Any CPU
		{6F36FFD8-E0EB-4596-9ECC-2E1A35C16F3F}.Debug|x86.Build.0 = Debug|Any CPU
		{6F36FFD8-E0EB-4596-9ECC-2E1A35C16F3F}.Release|x86.ActiveCfg = Release|Any CPU
		{6F36FFD8-E0EB-4596-9ECC-2E1A35C16F3F}.Release|x86.Build.0 = Release|Any CPU
		{4B2C05BF-69F8-4B58-9C25-AB8C563A3A46}.Debug|x86.ActiveCfg = Debug|Any CPU
		{4B2C05BF-69F8-4B58-9C25-AB8C563A3A46}.Debug|x86.Build.0 = Debug|Any CPU
		{4B2C05BF-69F8-4B58-9C25-AB8C563A3A46}.Release|x86.ActiveCfg = Release|Any CPU
		{4B2C05BF-69F8-4B58-9C25-AB8C563A3A46}.Release|x86.Build.0 = Release|Any CPU
		{D6729807-4818-4C76-96DB-379FCF2B554D}.Debug|x86.ActiveCfg = Debug|Any CPU
		{D6729807-4818-4C76-96DB-379FCF2B554D}.Debug|x86.Build.0 = Debug|Any CPU
		{D6729807-4818-4C76-96DB-379FCF2B554D}.Release|x86.ActiveCfg = Release|Any CPU
		{D6729807-4818-4C76-96DB-379FCF2B554D}.Release|x86.Build.0 = Release|Any CPU
		{ED8EC56B-CFA5-41B3-A9E2-E81907A47F52}.Debug|x86.ActiveCfg = Debug|Any CPU
		{ED8EC56B-CFA5-41B3-A9E2-E81907A47F52}.Debug|x86.Build.0 = Debug|Any CPU
		{ED8EC56B-CFA5-41B3-A9E2-E81907A47F52}.Release|x86.ActiveCfg = Release|Any CPU
		{ED8EC56B-CFA5-41B3-A9E2-E81907A47F52}.Release|x86.Build.0 = Release|Any CPU
		{F7D2D816-1442-49CD-92ED-A91107076201}.Debug|x86.ActiveCfg = Debug|Any CPU
		{F7D2D816-1442-49CD-92ED-A91107076201}.Debug|x86.Build.0 = Debug|Any CPU
		{F7D2D816-1442-49CD-92ED-A91107076201}.Release|x86.ActiveCfg = Release|Any CPU
		{F7D2D816-1442-49CD-92ED-A91107076201}.Release|x86.Build.0 = Release|Any CPU
	EndGlobalSection
	GlobalSection(SolutionProperties) = preSolution
		HideSolutionNode = FALSE
	EndGlobalSection
	GlobalSection(NestedProjects) = preSolution
		{2A20D155-EBCA-497B-94A4-7FD9A4F71059} = {8E1D2D67-9DEB-45E3-92DE-EF3E5C9BA74E}
		{217C96D3-08E5-4F32-BC2D-49678B0A7C57} = {8E1D2D67-9DEB-45E3-92DE-EF3E5C9BA74E}
		{CEA3C4E8-F0A8-44E5-A52E-4F2B65589B4B} = {8E1D2D67-9DEB-45E3-92DE-EF3E5C9BA74E}
		{8261265C-8544-4088-8F01-45CEF659981D} = {8E1D2D67-9DEB-45E3-92DE-EF3E5C9BA74E}
		{23E97C22-8941-4ED2-A2C6-B7ABCB8A5309} = {8E1D2D67-9DEB-45E3-92DE-EF3E5C9BA74E}
		{2F88246D-E686-4606-A739-40B1266632A7} = {8E1D2D67-9DEB-45E3-92DE-EF3E5C9BA74E}
		{6A0201C6-D5AA-400D-8A67-4E6F13814A6E} = {8E1D2D67-9DEB-45E3-92DE-EF3E5C9BA74E}
		{76780CF8-E578-4048-B419-5BD78614DB18} = {8E1D2D67-9DEB-45E3-92DE-EF3E5C9BA74E}
		{1F6ED8F6-1D49-4A98-9E66-680336017F82} = {3E94472F-FF31-47FA-A902-782D1A16E139}
		{B3734CB7-DA10-4A3E-A314-E50D95637BAF} = {3E94472F-FF31-47FA-A902-782D1A16E139}
		{3F90638E-5074-46A0-A038-9593D1AD4CE3} = {9348D824-5CA1-4BD4-90D9-83CA6B5814A6}
		{F5664BBD-F321-4CEA-A334-4D803C494B00} = {60513245-AB8A-4989-9F28-9E62B303C6DD}
		{31548125-F85F-4617-A98B-47E5B85D8187} = {60513245-AB8A-4989-9F28-9E62B303C6DD}
		{95AA0F2A-0EB5-4D6A-B4D3-28252E1D0A6E} = {60513245-AB8A-4989-9F28-9E62B303C6DD}
		{76FF1A65-03FD-4747-A55E-043917337381} = {60513245-AB8A-4989-9F28-9E62B303C6DD}
		{C2E88C73-0F8C-4B38-BA86-496B58856125} = {60513245-AB8A-4989-9F28-9E62B303C6DD}
		{49FB35A2-33C7-46CD-86A9-4FC70CC7C7FE} = {60513245-AB8A-4989-9F28-9E62B303C6DD}
		{B6984356-0F84-4F7E-B9B5-D3EF7B9BE54D} = {4F8AFBD6-5E26-46EB-B791-66C30B7EB8FA}
		{2F1345F6-9035-49E1-8BF0-40AE72A4ECD5} = {E13D53FD-33B1-40A6-91F8-AAC884FAB692}
		{6F36FFD8-E0EB-4596-9ECC-2E1A35C16F3F} = {E13D53FD-33B1-40A6-91F8-AAC884FAB692}
		{4B2C05BF-69F8-4B58-9C25-AB8C563A3A46} = {E13D53FD-33B1-40A6-91F8-AAC884FAB692}
		{D6729807-4818-4C76-96DB-379FCF2B554D} = {E13D53FD-33B1-40A6-91F8-AAC884FAB692}
		{ED8EC56B-CFA5-41B3-A9E2-E81907A47F52} = {E13D53FD-33B1-40A6-91F8-AAC884FAB692}
		{F7D2D816-1442-49CD-92ED-A91107076201} = {60513245-AB8A-4989-9F28-9E62B303C6DD}
	EndGlobalSection
EndGlobal
